{
  "name": "white-list",
  "version": "1.0.0",
  "lockfileVersion": 1,
  "requires": true,
  "dependencies": {
    "commander": {
      "version": "2.17.1",
      "resolved": "https://registry.npmjs.org/commander/-/commander-2.17.1.tgz",
      "integrity": "sha512-wPMUt6FnH2yzG95SA6mzjQOEKUU3aLaDEmzs1ti+1E9h+CsrZghRlqEM/EJ4KscsQVG8uNN4uVreUeT8+drlgg=="
    },
    "cssfilter": {
      "version": "0.0.10",
      "resolved": "https://registry.npmjs.org/cssfilter/-/cssfilter-0.0.10.tgz",
      "integrity": "sha1-xtJnJjKi5cg+AT5oZKQs6N79IK4="
    },
    "xss": {
      "version": "1.0.3",
      "resolved": "https://registry.npmjs.org/xss/-/xss-1.0.3.tgz",
      "integrity": "sha512-LTpz3jXPLUphMMmyufoZRSKnqMj41OVypZ8uYGzvjkMV9C1EdACrhQl/EM8Qfh5htSAuMIQFOejmKAZGkJfaCg==",
      "requires": {
        "commander": "^2.9.0",
        "cssfilter": "0.0.10"
      }
    }
  }
}
